
Microsoft Visual Studio Solution File, Format Version 12.00
# Visual Studio Version 17
VisualStudioVersion = 17.3.32901.215
MinimumVisualStudioVersion = 10.0.40219.1
Project("{8BC9CEB8-8B4A-11D0-8D11-00A0C91BC942}") = "AdventOfCode2023_09", "AdventOfCode2023_09\AdventOfCode2023_09.vcxproj", "{A62889B4-7B06-4A00-B54A-BE51B53727D3}"
EndProject
Global
	GlobalSection(SolutionConfigurationPlatforms) = preSolution
		Debug|x64 = Debug|x64
		Debug|x86 = Debug|x86
		Release|x64 = Release|x64
		Release|x86 = Release|x86
	EndGlobalSection
	GlobalSection(ProjectConfigurationPlatforms) = postSolution
		{A62889B4-7B06-4A00-B54A-BE51B53727D3}.Debug|x64.ActiveCfg = Debug|x64
		{A62889B4-7B06-4A00-B54A-BE51B53727D3}.Debug|x64.Build.0 = Debug|x64
		{A62889B4-7B06-4A00-B54A-BE51B53727D3}.Debug|x86.ActiveCfg = Debug|Win32
		{A62889B4-7B06-4A00-B54A-BE51B53727D3}.Debug|x86.Build.0 = Debug|Win32
		{A62889B4-7B06-4A00-B54A-BE51B53727D3}.Release|x64.ActiveCfg = Release|x64
		{A62889B4-7B06-4A00-B54A-BE51B53727D3}.Release|x64.Build.0 = Release|x64
		{A62889B4-7B06-4A00-B54A-BE51B53727D3}.Release|x86.ActiveCfg = Release|Win32
		{A62889B4-7B06-4A00-B54A-BE51B53727D3}.Release|x86.Build.0 = Release|Win32
	EndGlobalSection
	GlobalSection(SolutionProperties) = preSolution
		HideSolutionNode = FALSE
	EndGlobalSection
	GlobalSection(ExtensibilityGlobals) = postSolution
		SolutionGuid = {795E93A9-A614-4BE2-BA1A-ADB4183FFB9F}
	EndGlobalSection
EndGlobal
